
Microsoft Visual Studio Solution File, Format Version 12.00
# Visual Studio Version 17
VisualStudioVersion = 17.4.33213.308
MinimumVisualStudioVersion = 10.0.40219.1
Project("{9A19103F-16F7-4668-BE54-9A1E7A4F7556}") = "PXLPRO2023Shoppers24", "PXLPRO2023Shoppers24.csproj", "{548515AC-B223-45C6-B0B9-313180DDFC59}"
EndProject
Project("{9A19103F-16F7-4668-BE54-9A1E7A4F7556}") = "Duende.IdentityServer.Demo", "..\..\..\..\OneDrive - PXL\2PROb Semester 2\C# web 2\Hoofdstuk 3 - External Authentication\DuendeIdentityServer\DuendeIdentityServer\Duende.IdentityServer.Demo.csproj", "{59EFE7B6-A544-4187-8C70-63A79602E005}"
EndProject
Project("{9A19103F-16F7-4668-BE54-9A1E7A4F7556}") = "MediaShopApi", "..\MediaShopApi\MediaShopApi\MediaShopApi\MediaShopApi.csproj", "{207F215D-BD73-4EA4-AB4B-1F10AF23301C}"
EndProject
Project("{FAE04EC0-301F-11D3-BF4B-00C04F79EFBC}") = "MediaShopClassLibrary", "..\MediaShopClassLibrary\MediaShopClassLibrary.csproj", "{D5D94280-535A-49D9-94DB-9AE67E5A3557}"
EndProject
Global
	GlobalSection(SolutionConfigurationPlatforms) = preSolution
		Debug|Any CPU = Debug|Any CPU
		Release|Any CPU = Release|Any CPU
	EndGlobalSection
	GlobalSection(ProjectConfigurationPlatforms) = postSolution
		{548515AC-B223-45C6-B0B9-313180DDFC59}.Debug|Any CPU.ActiveCfg = Debug|Any CPU
		{548515AC-B223-45C6-B0B9-313180DDFC59}.Debug|Any CPU.Build.0 = Debug|Any CPU
		{548515AC-B223-45C6-B0B9-313180DDFC59}.Release|Any CPU.ActiveCfg = Release|Any CPU
		{548515AC-B223-45C6-B0B9-313180DDFC59}.Release|Any CPU.Build.0 = Release|Any CPU
		{59EFE7B6-A544-4187-8C70-63A79602E005}.Debug|Any CPU.ActiveCfg = Debug|Any CPU
		{59EFE7B6-A544-4187-8C70-63A79602E005}.Debug|Any CPU.Build.0 = Debug|Any CPU
		{59EFE7B6-A544-4187-8C70-63A79602E005}.Release|Any CPU.ActiveCfg = Release|Any CPU
		{59EFE7B6-A544-4187-8C70-63A79602E005}.Release|Any CPU.Build.0 = Release|Any CPU
		{207F215D-BD73-4EA4-AB4B-1F10AF23301C}.Debug|Any CPU.ActiveCfg = Debug|Any CPU
		{207F215D-BD73-4EA4-AB4B-1F10AF23301C}.Debug|Any CPU.Build.0 = Debug|Any CPU
		{207F215D-BD73-4EA4-AB4B-1F10AF23301C}.Release|Any CPU.ActiveCfg = Release|Any CPU
		{207F215D-BD73-4EA4-AB4B-1F10AF23301C}.Release|Any CPU.Build.0 = Release|Any CPU
		{D5D94280-535A-49D9-94DB-9AE67E5A3557}.Debug|Any CPU.ActiveCfg = Debug|Any CPU
		{D5D94280-535A-49D9-94DB-9AE67E5A3557}.Debug|Any CPU.Build.0 = Debug|Any CPU
		{D5D94280-535A-49D9-94DB-9AE67E5A3557}.Release|Any CPU.ActiveCfg = Release|Any CPU
		{D5D94280-535A-49D9-94DB-9AE67E5A3557}.Release|Any CPU.Build.0 = Release|Any CPU
	EndGlobalSection
	GlobalSection(SolutionProperties) = preSolution
		HideSolutionNode = FALSE
	EndGlobalSection
	GlobalSection(ExtensibilityGlobals) = postSolution
		SolutionGuid = {8E04E9C7-F425-45ED-8769-44E8B6741FE6}
	EndGlobalSection
EndGlobal
